
Microsoft Visual Studio Solution File, Format Version 12.00
# Visual Studio 15
VisualStudioVersion = 15.0.28307.960
MinimumVisualStudioVersion = 10.0.40219.1
Project("{FAE04EC0-301F-11D3-BF4B-00C04F79EFBC}") = "InLockFirstDataBase", "InLockFirstDataBase\InLockFirstDataBase.csproj", "{97D82860-F3D0-4743-B462-6DADB3C7E882}"
EndProject
Global
	GlobalSection(SolutionConfigurationPlatforms) = preSolution
		Debug|Any CPU = Debug|Any CPU
		Release|Any CPU = Release|Any CPU
	EndGlobalSection
	GlobalSection(ProjectConfigurationPlatforms) = postSolution
		{97D82860-F3D0-4743-B462-6DADB3C7E882}.Debug|Any CPU.ActiveCfg = Debug|Any CPU
		{97D82860-F3D0-4743-B462-6DADB3C7E882}.Debug|Any CPU.Build.0 = Debug|Any CPU
		{97D82860-F3D0-4743-B462-6DADB3C7E882}.Release|Any CPU.ActiveCfg = Release|Any CPU
		{97D82860-F3D0-4743-B462-6DADB3C7E882}.Release|Any CPU.Build.0 = Release|Any CPU
	EndGlobalSection
	GlobalSection(SolutionProperties) = preSolution
		HideSolutionNode = FALSE
	EndGlobalSection
	GlobalSection(ExtensibilityGlobals) = postSolution
		SolutionGuid = {68CAE94B-F13C-417B-8AE6-8B6D12554941}
	EndGlobalSection
EndGlobal
